Microsoft Visual Studio Solution File, Format Version 12.00
# Visual Studio Version 17
VisualStudioVersion = 17.5.2.0
MinimumVisualStudioVersion = 10.0.40219.1
Project("{FAE04EC0-301F-11D3-BF4B-00C04F79EFBC}") = "user-api.cs", "user-api.cs.csproj", "{D6E72EB9-A831-EB08-8C8A-63CF3293BB6E}"
EndProject
Global
	GlobalSection(SolutionConfigurationPlatforms) = preSolution
		Debug|Any CPU = Debug|Any CPU
		Release|Any CPU = Release|Any CPU
	EndGlobalSection
	GlobalSection(ProjectConfigurationPlatforms) = postSolution
		{D6E72EB9-A831-EB08-8C8A-63CF3293BB6E}.Debug|Any CPU.ActiveCfg = Debug|Any CPU
		{D6E72EB9-A831-EB08-8C8A-63CF3293BB6E}.Debug|Any CPU.Build.0 = Debug|Any CPU
		{D6E72EB9-A831-EB08-8C8A-63CF3293BB6E}.Release|Any CPU.ActiveCfg = Release|Any CPU
		{D6E72EB9-A831-EB08-8C8A-63CF3293BB6E}.Release|Any CPU.Build.0 = Release|Any CPU
	EndGlobalSection
	GlobalSection(SolutionProperties) = preSolution
		HideSolutionNode = FALSE
	EndGlobalSection
	GlobalSection(ExtensibilityGlobals) = postSolution
		SolutionGuid = {B4FA4323-7800-4895-8321-66B92E611FAE}
	EndGlobalSection
EndGlobal
